
Microsoft Visual Studio Solution File, Format Version 12.00
# Visual Studio 15
VisualStudioVersion = 15.0.26730.12
MinimumVisualStudioVersion = 10.0.40219.1
Project("{FAE04EC0-301F-11D3-BF4B-00C04F79EFBC}") = "MojaPierwszaAplikacja", "MojaPierwszaAplikacja\MojaPierwszaAplikacja.csproj", "{156B6193-5147-4AAB-80FD-486FCFEB968D}"
EndProject
Global
	GlobalSection(SolutionConfigurationPlatforms) = preSolution
		Debug|Any CPU = Debug|Any CPU
		Release|Any CPU = Release|Any CPU
	EndGlobalSection
	GlobalSection(ProjectConfigurationPlatforms) = postSolution
		{156B6193-5147-4AAB-80FD-486FCFEB968D}.Debug|Any CPU.ActiveCfg = Debug|Any CPU
		{156B6193-5147-4AAB-80FD-486FCFEB968D}.Debug|Any CPU.Build.0 = Debug|Any CPU
		{156B6193-5147-4AAB-80FD-486FCFEB968D}.Release|Any CPU.ActiveCfg = Release|Any CPU
		{156B6193-5147-4AAB-80FD-486FCFEB968D}.Release|Any CPU.Build.0 = Release|Any CPU
	EndGlobalSection
	GlobalSection(SolutionProperties) = preSolution
		HideSolutionNode = FALSE
	EndGlobalSection
	GlobalSection(ExtensibilityGlobals) = postSolution
		SolutionGuid = {FF11DDBC-CFBD-41ED-940C-C1B66EA3BE26}
	EndGlobalSection
EndGlobal
